// !$*UTF8*$!
{
	archiveVersion = 1;
	classes = {
	};
	objectVersion = 50;
	objects = {

/* Begin PBXBuildFile section */
		21BA0AB22277F1A60009BE8F /* AppDelegate.m in Sources */ = {isa = PBXBuildFile; fileRef = 21BA0AB12277F1A60009BE8F /* AppDelegate.m */; };
		21BA0AB82277F1A60009BE8F /* Main.storyboard in Resources */ = {isa = PBXBuildFile; fileRef = 21BA0AB62277F1A60009BE8F /* Main.storyboard */; };
		21BA0ABA2277F1A70009BE8F /* Assets.xcassets in Resources */ = {isa = PBXBuildFile; fileRef = 21BA0AB92277F1A70009BE8F /* Assets.xcassets */; };
		21BA0ABD2277F1A70009BE8F /* LaunchScreen.storyboard in Resources */ = {isa = PBXBuildFile; fileRef = 21BA0ABB2277F1A70009BE8F /* LaunchScreen.storyboard */; };
		21BA0AC02277F1A70009BE8F /* main.m in Sources */ = {isa = PBXBuildFile; fileRef = 21BA0ABF2277F1A70009BE8F /* main.m */; };
		21BA0AD52277F1E10009BE8F /* HttpNetService.m in Sources */ = {isa = PBXBuildFile; fileRef = 21BA0AC82277F1E10009BE8F /* HttpNetService.m */; };
		21BA0AD62277F1E10009BE8F /* Presenter.m in Sources */ = {isa = PBXBuildFile; fileRef = 21BA0ACB2277F1E10009BE8F /* Presenter.m */; };
		21BA0AD72277F1E10009BE8F /* UserModel.m in Sources */ = {isa = PBXBuildFile; fileRef = 21BA0AD02277F1E10009BE8F /* UserModel.m */; };
		21BA0AD82277F1E10009BE8F /* ViewController.m in Sources */ = {isa = PBXBuildFile; fileRef = 21BA0AD32277F1E10009BE8F /* ViewController.m */; };
/* End PBXBuildFile section */

/* Begin PBXFileReference section */
		21BA0AAD2277F1A60009BE8F /* GrxMVPDemo.app */ = {isa = PBXFileReference; explicitFileType = wrapper.application; includeInIndex = 0; path = GrxMVPDemo.app; sourceTree = BUILT_PRODUCTS_DIR; };
		21BA0AB02277F1A60009BE8F /* AppDelegate.h */ = {isa = PBXFileReference; lastKnownFileType = sourcecode.c.h; path = AppDelegate.h; sourceTree = "<group>"; };
		21BA0AB12277F1A60009BE8F /* AppDelegate.m */ = {isa = PBXFileReference; lastKnownFileType = sourcecode.c.objc; path = AppDelegate.m; sourceTree = "<group>"; };
		21BA0AB72277F1A60009BE8F /* Base */ = {isa = PBXFileReference; lastKnownFileType = file.storyboard; name = Base; path = Base.lproj/Main.storyboard; sourceTree = "<group>"; };
		21BA0AB92277F1A70009BE8F /* Assets.xcassets */ = {isa = PBXFileReference; lastKnownFileType = folder.assetcatalog; path = Assets.xcassets; sourceTree = "<group>"; };
		21BA0ABC2277F1A70009BE8F /* Base */ = {isa = PBXFileReference; lastKnownFileType = file.storyboard; name = Base; path = Base.lproj/LaunchScreen.storyboard; sourceTree = "<group>"; };
		21BA0ABE2277F1A70009BE8F /* Info.plist */ = {isa = PBXFileReference; lastKnownFileType = text.plist.xml; path = Info.plist; sourceTree = "<group>"; };
		21BA0ABF2277F1A70009BE8F /* main.m */ = {isa = PBXFileReference; lastKnownFileType = sourcecode.c.objc; path = main.m; sourceTree = "<group>"; };
		21BA0AC82277F1E10009BE8F /* HttpNetService.m */ = {isa = PBXFileReference; fileEncoding = 4; lastKnownFileType = sourcecode.c.objc; path = HttpNetService.m; sourceTree = "<group>"; };
		21BA0AC92277F1E10009BE8F /* HttpNetService.h */ = {isa = PBXFileReference; fileEncoding = 4; lastKnownFileType = sourcecode.c.h; path = HttpNetService.h; sourceTree = "<group>"; };
		21BA0ACB2277F1E10009BE8F /* Presenter.m */ = {isa = PBXFileReference; fileEncoding = 4; lastKnownFileType = sourcecode.c.objc; path = Presenter.m; sourceTree = "<group>"; };
		21BA0ACC2277F1E10009BE8F /* Presenter.h */ = {isa = PBXFileReference; fileEncoding = 4; lastKnownFileType = sourcecode.c.h; path = Presenter.h; sourceTree = "<group>"; };
		21BA0ACE2277F1E10009BE8F /* UserViewProtocol.h */ = {isa = PBXFileReference; fileEncoding = 4; lastKnownFileType = sourcecode.c.h; path = UserViewProtocol.h; sourceTree = "<group>"; };
		21BA0AD02277F1E10009BE8F /* UserModel.m */ = {isa = PBXFileReference; fileEncoding = 4; lastKnownFileType = sourcecode.c.objc; path = UserModel.m; sourceTree = "<group>"; };
		21BA0AD12277F1E10009BE8F /* UserModel.h */ = {isa = PBXFileReference; fileEncoding = 4; lastKnownFileType = sourcecode.c.h; path = UserModel.h; sourceTree = "<group>"; };
		21BA0AD32277F1E10009BE8F /* ViewController.m */ = {isa = PBXFileReference; fileEncoding = 4; lastKnownFileType = sourcecode.c.objc; path = ViewController.m; sourceTree = "<group>"; };
		21BA0AD42277F1E10009BE8F /* ViewController.h */ = {isa = PBXFileReference; fileEncoding = 4; lastKnownFileType = sourcecode.c.h; path = ViewController.h; sourceTree = "<group>"; };
/* End PBXFileReference section */

/* Begin PBXFrameworksBuildPhase section */
		21BA0AAA2277F1A60009BE8F /* Frameworks */ = {
			isa = PBXFrameworksBuildPhase;
			buildActionMask = 2147483647;
			files = (
			);
			runOnlyForDeploymentPostprocessing = 0;
		};
/* End PBXFrameworksBuildPhase section */

/* Begin PBXGroup section */
		21BA0AA42277F1A60009BE8F = {
			isa = PBXGroup;
			children = (
				21BA0AAF2277F1A60009BE8F /* GrxMVPDemo */,
				21BA0AAE2277F1A60009BE8F /* Products */,
			);
			sourceTree = "<group>";
		};
		21BA0AAE2277F1A60009BE8F /* Products */ = {
			isa = PBXGroup;
			children = (
				21BA0AAD2277F1A60009BE8F /* GrxMVPDemo.app */,
			);
			name = Products;
			sourceTree = "<group>";
		};
		21BA0AAF2277F1A60009BE8F /* GrxMVPDemo */ = {
			isa = PBXGroup;
			children = (
				21BA0AC62277F1E10009BE8F /* MVP */,
				21BA0AB02277F1A60009BE8F /* AppDelegate.h */,
				21BA0AB12277F1A60009BE8F /* AppDelegate.m */,
				21BA0AB62277F1A60009BE8F /* Main.storyboard */,
				21BA0AB92277F1A70009BE8F /* Assets.xcassets */,
				21BA0ABB2277F1A70009BE8F /* LaunchScreen.storyboard */,
				21BA0ABE2277F1A70009BE8F /* Info.plist */,
				21BA0ABF2277F1A70009BE8F /* main.m */,
			);
			path = GrxMVPDemo;
			sourceTree = "<group>";
		};
		21BA0AC62277F1E10009BE8F /* MVP */ = {
			isa = PBXGroup;
			children = (
				21BA0AC72277F1E10009BE8F /* NetWorkManager */,
				21BA0ACA2277F1E10009BE8F /* Presenter */,
				21BA0ACD2277F1E10009BE8F /* Protocol */,
				21BA0ACF2277F1E10009BE8F /* Model */,
				21BA0AD22277F1E10009BE8F /* View */,
			);
			path = MVP;
			sourceTree = "<group>";
		};
		21BA0AC72277F1E10009BE8F /* NetWorkManager */ = {
			isa = PBXGroup;
			children = (
				21BA0AC82277F1E10009BE8F /* HttpNetService.m */,
				21BA0AC92277F1E10009BE8F /* HttpNetService.h */,
			);
			path = NetWorkManager;
			sourceTree = "<group>";
		};
		21BA0ACA2277F1E10009BE8F /* Presenter */ = {
			isa = PBXGroup;
			children = (
				21BA0ACB2277F1E10009BE8F /* Presenter.m */,
				21BA0ACC2277F1E10009BE8F /* Presenter.h */,
			);
			path = Presenter;
			sourceTree = "<group>";
		};
		21BA0ACD2277F1E10009BE8F /* Protocol */ = {
			isa = PBXGroup;
			children = (
				21BA0ACE2277F1E10009BE8F /* UserViewProtocol.h */,
			);
			path = Protocol;
			sourceTree = "<group>";
		};
		21BA0ACF2277F1E10009BE8F /* Model */ = {
			isa = PBXGroup;
			children = (
				21BA0AD02277F1E10009BE8F /* UserModel.m */,
				21BA0AD12277F1E10009BE8F /* UserModel.h */,
			);
			path = Model;
			sourceTree = "<group>";
		};
		21BA0AD22277F1E10009BE8F /* View */ = {
			isa = PBXGroup;
			children = (
				21BA0AD42277F1E10009BE8F /* ViewController.h */,
				21BA0AD32277F1E10009BE8F /* ViewController.m */,
			);
			path = View;
			sourceTree = "<group>";
		};
/* End PBXGroup section */

/* Begin PBXNativeTarget section */
		21BA0AAC2277F1A60009BE8F /* GrxMVPDemo */ = {
			isa = PBXNativeTarget;
			buildConfigurationList = 21BA0AC32277F1A70009BE8F /* Build configuration list for PBXNativeTarget "GrxMVPDemo" */;
			buildPhases = (
				21BA0AA92277F1A60009BE8F /* Sources */,
				21BA0AAA2277F1A60009BE8F /* Frameworks */,
				21BA0AAB2277F1A60009BE8F /* Resources */,
			);
			buildRules = (
			);
			dependencies = (
			);
			name = GrxMVPDemo;
			productName = GrxMVPDemo;
			productReference = 21BA0AAD2277F1A60009BE8F /* GrxMVPDemo.app */;
			productType = "com.apple.product-type.application";
		};
/* End PBXNativeTarget section */

/* Begin PBXProject section */
		21BA0AA52277F1A60009BE8F /* Project object */ = {
			isa = PBXProject;
			attributes = {
				LastUpgradeCheck = 1020;
				ORGANIZATIONNAME = grx;
				TargetAttributes = {
					21BA0AAC2277F1A60009BE8F = {
						CreatedOnToolsVersion = 10.2.1;
					};
				};
			};
			buildConfigurationList = 21BA0AA82277F1A60009BE8F /* Build configuration list for PBXProject "GrxMVPDemo" */;
			compatibilityVersion = "Xcode 9.3";
			developmentRegion = en;
			hasScannedForEncodings = 0;
			knownRegions = (
				en,
				Base,
			);
			mainGroup = 21BA0AA42277F1A60009BE8F;
			productRefGroup = 21BA0AAE2277F1A60009BE8F /* Products */;
			projectDirPath = "";
			projectRoot = "";
			targets = (
				21BA0AAC2277F1A60009BE8F /* GrxMVPDemo */,
			);
		};
/* End PBXProject section */

/* Begin PBXResourcesBuildPhase section */
		21BA0AAB2277F1A60009BE8F /* Resources */ = {
			isa = PBXResourcesBuildPhase;
			buildActionMask = 2147483647;
			files = (
				21BA0ABD2277F1A70009BE8F /* LaunchScreen.storyboard in Resources */,
				21BA0ABA2277F1A70009BE8F /* Assets.xcassets in Resources */,
				21BA0AB82277F1A60009BE8F /* Main.storyboard in Resources */,
			);
			runOnlyForDeploymentPostprocessing = 0;
		};
/* End PBXResourcesBuildPhase section */

/* Begin PBXSourcesBuildPhase section */
		21BA0AA92277F1A60009BE8F /* Sources */ = {
			isa = PBXSourcesBuildPhase;
			buildActionMask = 2147483647;
			files = (
				21BA0AD82277F1E10009BE8F /* ViewController.m in Sources */,
				21BA0AD62277F1E10009BE8F /* Presenter.m in Sources */,
				21BA0AD72277F1E10009BE8F /* UserModel.m in Sources */,
				21BA0AC02277F1A70009BE8F /* main.m in Sources */,
				21BA0AB22277F1A60009BE8F /* AppDelegate.m in Sources */,
				21BA0AD52277F1E10009BE8F /* HttpNetService.m in Sources */,
			);
			runOnlyForDeploymentPostprocessing = 0;
		};
/* End PBXSourcesBuildPhase section */

/* Begin PBXVariantGroup section */
		21BA0AB62277F1A60009BE8F /* Main.storyboard */ = {
			isa = PBXVariantGroup;
			children = (
				21BA0AB72277F1A60009BE8F /* Base */,
			);
			name = Main.storyboard;
			sourceTree = "<group>";
		};
		21BA0ABB2277F1A70009BE8F /* LaunchScreen.storyboard */ = {
			isa = PBXVariantGroup;
			children = (
				21BA0ABC2277F1A70009BE8F /* Base */,
			);
			name = LaunchScreen.storyboard;
			sourceTree = "<group>";
		};
/* End PBXVariantGroup section */

/* Begin XCBuildConfiguration section */
		21BA0AC12277F1A70009BE8F /* Debug */ = {
			isa = XCBuildConfiguration;
			buildSettings = {
				ALWAYS_SEARCH_USER_PATHS = NO;
				CLANG_ANALYZER_NONNULL = YES;
				CLANG_ANALYZER_NUMBER_OBJECT_CONVERSION = YES_AGGRESSIVE;
				CLANG_CXX_LANGUAGE_STANDARD = "gnu++14";
				CLANG_CXX_LIBRARY = "libc++";
				CLANG_ENABLE_MODULES = YES;
				CLANG_ENABLE_OBJC_ARC = YES;
				CLANG_ENABLE_OBJC_WEAK = YES;
				CLANG_WARN_BLOCK_CAPTURE_AUTORELEASING = YES;
				CLANG_WARN_BOOL_CONVERSION = YES;
				CLANG_WARN_COMMA = YES;
				CLANG_WARN_CONSTANT_CONVERSION = YES;
				CLANG_WARN_DEPRECATED_OBJC_IMPLEMENTATIONS = YES;
				CLANG_WARN_DIRECT_OBJC_ISA_USAGE = YES_ERROR;
				CLANG_WARN_DOCUMENTATION_COMMENTS = YES;
				CLANG_WARN_EMPTY_BODY = YES;
				CLANG_WARN_ENUM_CONVERSION = YES;
				CLANG_WARN_INFINITE_RECURSION = YES;
				CLANG_WARN_INT_CONVERSION = YES;
				CLANG_WARN_NON_LITERAL_NULL_CONVERSION = YES;
				CLANG_WARN_OBJC_IMPLICIT_RETAIN_SELF = YES;
				CLANG_WARN_OBJC_LITERAL_CONVERSION = YES;
				CLANG_WARN_OBJC_ROOT_CLASS = YES_ERROR;
				CLANG_WARN_RANGE_LOOP_ANALYSIS = YES;
				CLANG_WARN_STRICT_PROTOTYPES = YES;
				CLANG_WARN_SUSPICIOUS_MOVE = YES;
				CLANG_WARN_UNGUARDED_AVAILABILITY = YES_AGGRESSIVE;
				CLANG_WARN_UNREACHABLE_CODE = YES;
				CLANG_WARN__DUPLICATE_METHOD_MATCH = YES;
				CODE_SIGN_IDENTITY = "iPhone Developer";
				COPY_PHASE_STRIP = NO;
				DEBUG_INFORMATION_FORMAT = dwarf;
				ENABLE_STRICT_OBJC_MSGSEND = YES;
				ENABLE_TESTABILITY = YES;
				GCC_C_LANGUAGE_STANDARD = gnu11;
				GCC_DYNAMIC_NO_PIC = NO;
				GCC_NO_COMMON_BLOCKS = YES;
				GCC_OPTIMIZATION_LEVEL = 0;
				GCC_PREPROCESSOR_DEFINITIONS = (
					"DEBUG=1",
					"$(inherited)",
				);
				GCC_WARN_64_TO_32_BIT_CONVERSION = YES;
				GCC_WARN_ABOUT_RETURN_TYPE = YES_ERROR;
				GCC_WARN_UNDECLARED_SELECTOR = YES;
				GCC_WARN_UNINITIALIZED_AUTOS = YES_AGGRESSIVE;
				GCC_WARN_UNUSED_FUNCTION = YES;
				GCC_WARN_UNUSED_VARIABLE = YES;
				IPHONEOS_DEPLOYMENT_TARGET = 12.2;
				MTL_ENABLE_DEBUG_INFO = INCLUDE_SOURCE;
				MTL_FAST_MATH = YES;
				ONLY_ACTIVE_ARCH = YES;
				SDKROOT = iphoneos;
			};
			name = Debug;
		};
		21BA0AC22277F1A70009BE8F /* Release */ = {
			isa = XCBuildConfiguration;
			buildSettings = {
				ALWAYS_SEARCH_USER_PATHS = NO;
				CLANG_ANALYZER_NONNULL = YES;
				CLANG_ANALYZER_NUMBER_OBJECT_CONVERSION = YES_AGGRESSIVE;
				CLANG_CXX_LANGUAGE_STANDARD = "gnu++14";
				CLANG_CXX_LIBRARY = "libc++";
				CLANG_ENABLE_MODULES = YES;
				CLANG_ENABLE_OBJC_ARC = YES;
				CLANG_ENABLE_OBJC_WEAK = YES;
				CLANG_WARN_BLOCK_CAPTURE_AUTORELEASING = YES;
				CLANG_WARN_BOOL_CONVERSION = YES;
				CLANG_WARN_COMMA = YES;
				CLANG_WARN_CONSTANT_CONVERSION = YES;
				CLANG_WARN_DEPRECATED_OBJC_IMPLEMENTATIONS = YES;
				CLANG_WARN_DIRECT_OBJC_ISA_USAGE = YES_ERROR;
				CLANG_WARN_DOCUMENTATION_COMMENTS = YES;
				CLANG_WARN_EMPTY_BODY = YES;
				CLANG_WARN_ENUM_CONVERSION = YES;
				CLANG_WARN_INFINITE_RECURSION = YES;
				CLANG_WARN_INT_CONVERSION = YES;
				CLANG_WARN_NON_LITERAL_NULL_CONVERSION = YES;
				CLANG_WARN_OBJC_IMPLICIT_RETAIN_SELF = YES;
				CLANG_WARN_OBJC_LITERAL_CONVERSION = YES;
				CLANG_WARN_OBJC_ROOT_CLASS = YES_ERROR;
				CLANG_WARN_RANGE_LOOP_ANALYSIS = YES;
				CLANG_WARN_STRICT_PROTOTYPES = YES;
				CLANG_WARN_SUSPICIOUS_MOVE = YES;
				CLANG_WARN_UNGUARDED_AVAILABILITY = YES_AGGRESSIVE;
				CLANG_WARN_UNREACHABLE_CODE = YES;
				CLANG_WARN__DUPLICATE_METHOD_MATCH = YES;
				CODE_SIGN_IDENTITY = "iPhone Developer";
				COPY_PHASE_STRIP = NO;
				DEBUG_INFORMATION_FORMAT = "dwarf-with-dsym";
				ENABLE_NS_ASSERTIONS = NO;
				ENABLE_STRICT_OBJC_MSGSEND = YES;
				GCC_C_LANGUAGE_STANDARD = gnu11;
				GCC_NO_COMMON_BLOCKS = YES;
				GCC_WARN_64_TO_32_BIT_CONVERSION = YES;
				GCC_WARN_ABOUT_RETURN_TYPE = YES_ERROR;
				GCC_WARN_UNDECLARED_SELECTOR = YES;
				GCC_WARN_UNINITIALIZED_AUTOS = YES_AGGRESSIVE;
				GCC_WARN_UNUSED_FUNCTION = YES;
				GCC_WARN_UNUSED_VARIABLE = YES;
				IPHONEOS_DEPLOYMENT_TARGET = 12.2;
				MTL_ENABLE_DEBUG_INFO = NO;
				MTL_FAST_MATH = YES;
				SDKROOT = iphoneos;
				VALIDATE_PRODUCT = YES;
			};
			name = Release;
		};
		21BA0AC42277F1A70009BE8F /* Debug */ = {
			isa = XCBuildConfiguration;
			buildSettings = {
				ASSETCATALOG_COMPILER_APPICON_NAME = AppIcon;
				CODE_SIGN_STYLE = Automatic;
				INFOPLIST_FILE = GrxMVPDemo/Info.plist;
				LD_RUNPATH_SEARCH_PATHS = (
					"$(inherited)",
					"@executable_path/Frameworks",
				);
				PRODUCT_BUNDLE_IDENTIFIER = com.GrxMVPDemo;
				PRODUCT_NAME = "$(TARGET_NAME)";
				TARGETED_DEVICE_FAMILY = "1,2";
			};
			name = Debug;
		};
		21BA0AC52277F1A70009BE8F /* Release */ = {
			isa = XCBuildConfiguration;
			buildSettings = {
				ASSETCATALOG_COMPILER_APPICON_NAME = AppIcon;
				CODE_SIGN_STYLE = Automatic;
				INFOPLIST_FILE = GrxMVPDemo/Info.plist;
				LD_RUNPATH_SEARCH_PATHS = (
					"$(inherited)",
					"@executable_path/Frameworks",
				);
				PRODUCT_BUNDLE_IDENTIFIER = com.GrxMVPDemo;
				PRODUCT_NAME = "$(TARGET_NAME)";
				TARGETED_DEVICE_FAMILY = "1,2";
			};
			name = Release;
		};
/* End XCBuildConfiguration section */

/* Begin XCConfigurationList section */
		21BA0AA82277F1A60009BE8F /* Build configuration list for PBXProject "GrxMVPDemo" */ = {
			isa = XCConfigurationList;
			buildConfigurations = (
				21BA0AC12277F1A70009BE8F /* Debug */,
				21BA0AC22277F1A70009BE8F /* Release */,
			);
			defaultConfigurationIsVisible = 0;
			defaultConfigurationName = Release;
		};
		21BA0AC32277F1A70009BE8F /* Build configuration list for PBXNativeTarget "GrxMVPDemo" */ = {
			isa = XCConfigurationList;
			buildConfigurations = (
				21BA0AC42277F1A70009BE8F /* Debug */,
				21BA0AC52277F1A70009BE8F /* Release */,
			);
			defaultConfigurationIsVisible = 0;
			defaultConfigurationName = Release;
		};
/* End XCConfigurationList section */
	};
	rootObject = 21BA0AA52277F1A60009BE8F /* Project object */;
}
